
Microsoft Visual Studio Solution File, Format Version 12.00
# Visual Studio Version 17
VisualStudioVersion = 17.10.35027.167
MinimumVisualStudioVersion = 10.0.40219.1
Project("{2150E333-8FDC-42A3-9474-1A3956D46DE8}") = "SolutionItem", "SolutionItem", "{137FAEDA-985A-4A9F-8EDC-74F5E2319525}"
	ProjectSection(SolutionItems) = preProject
		SolutionItem\.editorconfig = SolutionItem\.editorconfig
		docker-compose.Dev.Infrastructure.yaml = docker-compose.Dev.Infrastructure.yaml
	EndProjectSection
EndProject
Project("{2150E333-8FDC-42A3-9474-1A3956D46DE8}") = "Test", "Test", "{AD21E480-4BF8-4207-B6CF-5D4820B3B1F2}"
EndProject
Project("{2150E333-8FDC-42A3-9474-1A3956D46DE8}") = "Src", "Src", "{1A86B294-72D6-4E8D-A0B2-BB3DA9D8FE4F}"
EndProject
Project("{9A19103F-16F7-4668-BE54-9A1E7A4F7556}") = "API", "Src\API\API.csproj", "{1DA58832-9420-4B6B-930A-59D7123282A4}"
EndProject
Project("{9A19103F-16F7-4668-BE54-9A1E7A4F7556}") = "Application", "Src\Application\Application.csproj", "{98C5FA72-B8B1-4883-9B04-9E34C1F7431B}"
EndProject
Project("{9A19103F-16F7-4668-BE54-9A1E7A4F7556}") = "Contract", "Src\Contract\Contract.csproj", "{BA11E241-C431-4FEA-9453-820BC34417BA}"
EndProject
Project("{9A19103F-16F7-4668-BE54-9A1E7A4F7556}") = "Domain", "Src\Domain\Domain.csproj", "{17B2C36E-2691-49EE-B032-960C7E7C5AD9}"
EndProject
Project("{9A19103F-16F7-4668-BE54-9A1E7A4F7556}") = "Infrastructure", "Src\Infrastructure\Infrastructure.csproj", "{36E243C2-2128-4EF8-9C13-B323EF251D58}"
EndProject
Project("{9A19103F-16F7-4668-BE54-9A1E7A4F7556}") = "Persistence", "Src\Persistence\Persistence.csproj", "{A8D05039-2FA7-44E0-BACD-CBB46A7C9FFA}"
EndProject
Project("{9A19103F-16F7-4668-BE54-9A1E7A4F7556}") = "Presentation", "Src\Presentation\Presentation.csproj", "{A1E511AB-84CC-4F89-87FC-6C09DA348C91}"
EndProject
Project("{9A19103F-16F7-4668-BE54-9A1E7A4F7556}") = "Architecture.Tests", "Test\Architecture.Tests\Architecture.Tests.csproj", "{5691E6D7-4003-4AF3-924D-962C63BEF0FF}"
EndProject
Project("{9A19103F-16F7-4668-BE54-9A1E7A4F7556}") = "Infrastructure.BlobStorage", "Src\Infrastructure.BlobStorage\Infrastructure.BlobStorage.csproj", "{75AD7A9F-76AB-4E3F-82BE-E9539646CAF9}"
EndProject
Project("{9A19103F-16F7-4668-BE54-9A1E7A4F7556}") = "Infrastructure.PayOS", "Src\Infrastructure.PayOS\Infrastructure.PayOS.csproj", "{1630B976-3749-4C4F-B265-318F0D5E825A}"
EndProject
Project("{9A19103F-16F7-4668-BE54-9A1E7A4F7556}") = "Usecases.Tests", "Test\Usecases.Tests\Usecases.Tests.csproj", "{71C3436E-4678-4F01-8D6A-DE13BEED0596}"
EndProject
Project("{9A19103F-16F7-4668-BE54-9A1E7A4F7556}") = "Benchmarks", "Test\Benchmarks\Benchmarks.csproj", "{4CDBE891-C577-4C84-8064-BBC97B33C676}"
EndProject
Global
	GlobalSection(SolutionConfigurationPlatforms) = preSolution
		Debug|Any CPU = Debug|Any CPU
		Release|Any CPU = Release|Any CPU
	EndGlobalSection
	GlobalSection(ProjectConfigurationPlatforms) = postSolution
		{1DA58832-9420-4B6B-930A-59D7123282A4}.Debug|Any CPU.ActiveCfg = Debug|Any CPU
		{1DA58832-9420-4B6B-930A-59D7123282A4}.Debug|Any CPU.Build.0 = Debug|Any CPU
		{1DA58832-9420-4B6B-930A-59D7123282A4}.Release|Any CPU.ActiveCfg = Release|Any CPU
		{1DA58832-9420-4B6B-930A-59D7123282A4}.Release|Any CPU.Build.0 = Release|Any CPU
		{98C5FA72-B8B1-4883-9B04-9E34C1F7431B}.Debug|Any CPU.ActiveCfg = Debug|Any CPU
		{98C5FA72-B8B1-4883-9B04-9E34C1F7431B}.Debug|Any CPU.Build.0 = Debug|Any CPU
		{98C5FA72-B8B1-4883-9B04-9E34C1F7431B}.Release|Any CPU.ActiveCfg = Release|Any CPU
		{98C5FA72-B8B1-4883-9B04-9E34C1F7431B}.Release|Any CPU.Build.0 = Release|Any CPU
		{BA11E241-C431-4FEA-9453-820BC34417BA}.Debug|Any CPU.ActiveCfg = Debug|Any CPU
		{BA11E241-C431-4FEA-9453-820BC34417BA}.Debug|Any CPU.Build.0 = Debug|Any CPU
		{BA11E241-C431-4FEA-9453-820BC34417BA}.Release|Any CPU.ActiveCfg = Release|Any CPU
		{BA11E241-C431-4FEA-9453-820BC34417BA}.Release|Any CPU.Build.0 = Release|Any CPU
		{17B2C36E-2691-49EE-B032-960C7E7C5AD9}.Debug|Any CPU.ActiveCfg = Debug|Any CPU
		{17B2C36E-2691-49EE-B032-960C7E7C5AD9}.Debug|Any CPU.Build.0 = Debug|Any CPU
		{17B2C36E-2691-49EE-B032-960C7E7C5AD9}.Release|Any CPU.ActiveCfg = Release|Any CPU
		{17B2C36E-2691-49EE-B032-960C7E7C5AD9}.Release|Any CPU.Build.0 = Release|Any CPU
		{36E243C2-2128-4EF8-9C13-B323EF251D58}.Debug|Any CPU.ActiveCfg = Debug|Any CPU
		{36E243C2-2128-4EF8-9C13-B323EF251D58}.Debug|Any CPU.Build.0 = Debug|Any CPU
		{36E243C2-2128-4EF8-9C13-B323EF251D58}.Release|Any CPU.ActiveCfg = Release|Any CPU
		{36E243C2-2128-4EF8-9C13-B323EF251D58}.Release|Any CPU.Build.0 = Release|Any CPU
		{A8D05039-2FA7-44E0-BACD-CBB46A7C9FFA}.Debug|Any CPU.ActiveCfg = Debug|Any CPU
		{A8D05039-2FA7-44E0-BACD-CBB46A7C9FFA}.Debug|Any CPU.Build.0 = Debug|Any CPU
		{A8D05039-2FA7-44E0-BACD-CBB46A7C9FFA}.Release|Any CPU.ActiveCfg = Release|Any CPU
		{A8D05039-2FA7-44E0-BACD-CBB46A7C9FFA}.Release|Any CPU.Build.0 = Release|Any CPU
		{A1E511AB-84CC-4F89-87FC-6C09DA348C91}.Debug|Any CPU.ActiveCfg = Debug|Any CPU
		{A1E511AB-84CC-4F89-87FC-6C09DA348C91}.Debug|Any CPU.Build.0 = Debug|Any CPU
		{A1E511AB-84CC-4F89-87FC-6C09DA348C91}.Release|Any CPU.ActiveCfg = Release|Any CPU
		{A1E511AB-84CC-4F89-87FC-6C09DA348C91}.Release|Any CPU.Build.0 = Release|Any CPU
		{5691E6D7-4003-4AF3-924D-962C63BEF0FF}.Debug|Any CPU.ActiveCfg = Debug|Any CPU
		{5691E6D7-4003-4AF3-924D-962C63BEF0FF}.Debug|Any CPU.Build.0 = Debug|Any CPU
		{5691E6D7-4003-4AF3-924D-962C63BEF0FF}.Release|Any CPU.ActiveCfg = Release|Any CPU
		{5691E6D7-4003-4AF3-924D-962C63BEF0FF}.Release|Any CPU.Build.0 = Release|Any CPU
		{75AD7A9F-76AB-4E3F-82BE-E9539646CAF9}.Debug|Any CPU.ActiveCfg = Debug|Any CPU
		{75AD7A9F-76AB-4E3F-82BE-E9539646CAF9}.Debug|Any CPU.Build.0 = Debug|Any CPU
		{75AD7A9F-76AB-4E3F-82BE-E9539646CAF9}.Release|Any CPU.ActiveCfg = Release|Any CPU
		{75AD7A9F-76AB-4E3F-82BE-E9539646CAF9}.Release|Any CPU.Build.0 = Release|Any CPU
		{1630B976-3749-4C4F-B265-318F0D5E825A}.Debug|Any CPU.ActiveCfg = Debug|Any CPU
		{1630B976-3749-4C4F-B265-318F0D5E825A}.Debug|Any CPU.Build.0 = Debug|Any CPU
		{1630B976-3749-4C4F-B265-318F0D5E825A}.Release|Any CPU.ActiveCfg = Release|Any CPU
		{1630B976-3749-4C4F-B265-318F0D5E825A}.Release|Any CPU.Build.0 = Release|Any CPU
		{71C3436E-4678-4F01-8D6A-DE13BEED0596}.Debug|Any CPU.ActiveCfg = Debug|Any CPU
		{71C3436E-4678-4F01-8D6A-DE13BEED0596}.Debug|Any CPU.Build.0 = Debug|Any CPU
		{71C3436E-4678-4F01-8D6A-DE13BEED0596}.Release|Any CPU.ActiveCfg = Release|Any CPU
		{71C3436E-4678-4F01-8D6A-DE13BEED0596}.Release|Any CPU.Build.0 = Release|Any CPU
		{4CDBE891-C577-4C84-8064-BBC97B33C676}.Debug|Any CPU.ActiveCfg = Debug|Any CPU
		{4CDBE891-C577-4C84-8064-BBC97B33C676}.Debug|Any CPU.Build.0 = Debug|Any CPU
		{4CDBE891-C577-4C84-8064-BBC97B33C676}.Release|Any CPU.ActiveCfg = Release|Any CPU
		{4CDBE891-C577-4C84-8064-BBC97B33C676}.Release|Any CPU.Build.0 = Release|Any CPU
	EndGlobalSection
	GlobalSection(SolutionProperties) = preSolution
		HideSolutionNode = FALSE
	EndGlobalSection
	GlobalSection(NestedProjects) = preSolution
		{1DA58832-9420-4B6B-930A-59D7123282A4} = {1A86B294-72D6-4E8D-A0B2-BB3DA9D8FE4F}
		{98C5FA72-B8B1-4883-9B04-9E34C1F7431B} = {1A86B294-72D6-4E8D-A0B2-BB3DA9D8FE4F}
		{BA11E241-C431-4FEA-9453-820BC34417BA} = {1A86B294-72D6-4E8D-A0B2-BB3DA9D8FE4F}
		{17B2C36E-2691-49EE-B032-960C7E7C5AD9} = {1A86B294-72D6-4E8D-A0B2-BB3DA9D8FE4F}
		{36E243C2-2128-4EF8-9C13-B323EF251D58} = {1A86B294-72D6-4E8D-A0B2-BB3DA9D8FE4F}
		{A8D05039-2FA7-44E0-BACD-CBB46A7C9FFA} = {1A86B294-72D6-4E8D-A0B2-BB3DA9D8FE4F}
		{A1E511AB-84CC-4F89-87FC-6C09DA348C91} = {1A86B294-72D6-4E8D-A0B2-BB3DA9D8FE4F}
		{5691E6D7-4003-4AF3-924D-962C63BEF0FF} = {AD21E480-4BF8-4207-B6CF-5D4820B3B1F2}
		{75AD7A9F-76AB-4E3F-82BE-E9539646CAF9} = {1A86B294-72D6-4E8D-A0B2-BB3DA9D8FE4F}
		{1630B976-3749-4C4F-B265-318F0D5E825A} = {1A86B294-72D6-4E8D-A0B2-BB3DA9D8FE4F}
		{71C3436E-4678-4F01-8D6A-DE13BEED0596} = {AD21E480-4BF8-4207-B6CF-5D4820B3B1F2}
		{4CDBE891-C577-4C84-8064-BBC97B33C676} = {AD21E480-4BF8-4207-B6CF-5D4820B3B1F2}
	EndGlobalSection
	GlobalSection(ExtensibilityGlobals) = postSolution
		SolutionGuid = {5E7C271C-93A5-4DF0-8162-8EE1934D4F3C}
	EndGlobalSection
EndGlobal
